
Microsoft Visual Studio Solution File, Format Version 12.00
# Visual Studio Version 17
VisualStudioVersion = 17.10.35013.160
MinimumVisualStudioVersion = 10.0.40219.1
Project("{9A19103F-16F7-4668-BE54-9A1E7A4F7556}") = "API_Ticketier", "API_Project\API_Ticketier.csproj", "{6CB2D4EF-69B7-4BCB-B3D0-3C714CE146D0}"
EndProject
Global
	GlobalSection(SolutionConfigurationPlatforms) = preSolution
		Debug|Any CPU = Debug|Any CPU
		Release|Any CPU = Release|Any CPU
	EndGlobalSection
	GlobalSection(ProjectConfigurationPlatforms) = postSolution
		{6CB2D4EF-69B7-4BCB-B3D0-3C714CE146D0}.Debug|Any CPU.ActiveCfg = Debug|Any CPU
		{6CB2D4EF-69B7-4BCB-B3D0-3C714CE146D0}.Debug|Any CPU.Build.0 = Debug|Any CPU
		{6CB2D4EF-69B7-4BCB-B3D0-3C714CE146D0}.Release|Any CPU.ActiveCfg = Release|Any CPU
		{6CB2D4EF-69B7-4BCB-B3D0-3C714CE146D0}.Release|Any CPU.Build.0 = Release|Any CPU
	EndGlobalSection
	GlobalSection(SolutionProperties) = preSolution
		HideSolutionNode = FALSE
	EndGlobalSection
	GlobalSection(ExtensibilityGlobals) = postSolution
		SolutionGuid = {96A356CC-7BDB-4C98-8C91-CE7F7CA1577B}
	EndGlobalSection
EndGlobal
